
Microsoft Visual Studio Solution File, Format Version 12.00
# Visual Studio Version 17
VisualStudioVersion = 17.9.34728.123
MinimumVisualStudioVersion = 10.0.40219.1
Project("{FAE04EC0-301F-11D3-BF4B-00C04F79EFBC}") = "WebApplication1", "WebApplication1\WebApplication1.csproj", "{B0553360-F84E-454D-9E35-316FE976C3F7}"
EndProject
Global
	GlobalSection(SolutionConfigurationPlatforms) = preSolution
		Debug|Any CPU = Debug|Any CPU
		Release|Any CPU = Release|Any CPU
	EndGlobalSection
	GlobalSection(ProjectConfigurationPlatforms) = postSolution
		{B0553360-F84E-454D-9E35-316FE976C3F7}.Debug|Any CPU.ActiveCfg = Debug|Any CPU
		{B0553360-F84E-454D-9E35-316FE976C3F7}.Debug|Any CPU.Build.0 = Debug|Any CPU
		{B0553360-F84E-454D-9E35-316FE976C3F7}.Release|Any CPU.ActiveCfg = Release|Any CPU
		{B0553360-F84E-454D-9E35-316FE976C3F7}.Release|Any CPU.Build.0 = Release|Any CPU
	EndGlobalSection
	GlobalSection(SolutionProperties) = preSolution
		HideSolutionNode = FALSE
	EndGlobalSection
	GlobalSection(ExtensibilityGlobals) = postSolution
		SolutionGuid = {D6A4C4B1-65CA-44C0-B963-E2ADDB585147}
	EndGlobalSection
EndGlobal
